
Microsoft Visual Studio Solution File, Format Version 12.00
# Visual Studio Version 17
VisualStudioVersion = 17.3.32819.101
MinimumVisualStudioVersion = 10.0.40219.1
Project("{FAE04EC0-301F-11D3-BF4B-00C04F79EFBC}") = "InterfaceDemo", "InterfaceDemo\InterfaceDemo.csproj", "{498A1245-8904-4564-9E23-A9872B359C76}"
EndProject
Global
	GlobalSection(SolutionConfigurationPlatforms) = preSolution
		Debug|Any CPU = Debug|Any CPU
		Release|Any CPU = Release|Any CPU
	EndGlobalSection
	GlobalSection(ProjectConfigurationPlatforms) = postSolution
		{498A1245-8904-4564-9E23-A9872B359C76}.Debug|Any CPU.ActiveCfg = Debug|Any CPU
		{498A1245-8904-4564-9E23-A9872B359C76}.Debug|Any CPU.Build.0 = Debug|Any CPU
		{498A1245-8904-4564-9E23-A9872B359C76}.Release|Any CPU.ActiveCfg = Release|Any CPU
		{498A1245-8904-4564-9E23-A9872B359C76}.Release|Any CPU.Build.0 = Release|Any CPU
	EndGlobalSection
	GlobalSection(SolutionProperties) = preSolution
		HideSolutionNode = FALSE
	EndGlobalSection
	GlobalSection(ExtensibilityGlobals) = postSolution
		SolutionGuid = {AEDFCDE0-95D8-4F8A-8250-3D3B36E24F2A}
	EndGlobalSection
EndGlobal
